
Microsoft Visual Studio Solution File, Format Version 12.00
# Visual Studio 15
VisualStudioVersion = 15.0.28307.1000
MinimumVisualStudioVersion = 10.0.40219.1
Project("{FAE04EC0-301F-11D3-BF4B-00C04F79EFBC}") = "JNoblesProgrammingEx1", "JNoblesProgrammingEx1\JNoblesProgrammingEx1.csproj", "{3CFFB9B3-2970-4128-B050-A75BE773FC25}"
EndProject
Global
	GlobalSection(SolutionConfigurationPlatforms) = preSolution
		Debug|Any CPU = Debug|Any CPU
		Release|Any CPU = Release|Any CPU
	EndGlobalSection
	GlobalSection(ProjectConfigurationPlatforms) = postSolution
		{3CFFB9B3-2970-4128-B050-A75BE773FC25}.Debug|Any CPU.ActiveCfg = Debug|Any CPU
		{3CFFB9B3-2970-4128-B050-A75BE773FC25}.Debug|Any CPU.Build.0 = Debug|Any CPU
		{3CFFB9B3-2970-4128-B050-A75BE773FC25}.Release|Any CPU.ActiveCfg = Release|Any CPU
		{3CFFB9B3-2970-4128-B050-A75BE773FC25}.Release|Any CPU.Build.0 = Release|Any CPU
	EndGlobalSection
	GlobalSection(SolutionProperties) = preSolution
		HideSolutionNode = FALSE
	EndGlobalSection
	GlobalSection(ExtensibilityGlobals) = postSolution
		SolutionGuid = {7F51AFBF-539A-4E97-93EB-5C2A8C765545}
	EndGlobalSection
EndGlobal
